github.com/james4k/rcon v0.0.0-20120923215419-8fbb8268b60a h1:JxcWget6X/VfBMKxPIc28Jel37LGREut2fpV+ObkwJ0=
github.com/james4k/rcon v0.0.0-20120923215419-8fbb8268b60a/go.mod h1:1qNVsDcmNQDsAXYfUuF/Z0rtK5eT8x9D6Pi7S3PjXAg=
github.com/oov/ns v0.0.0-20200410214139-dd46c4de1a69 h1:YrkpyYWTTUKLLRsJT92cQ1QwOPNBxK0wheEgjAFAruw=
github.com/oov/ns v0.0.0-20200410214139-dd46c4de1a69/go.mod h1:r3H239v5NiyiuccylhLFipvFvfbsLUb4bGZ6Pau4Wn4=
